
Microsoft Visual Studio Solution File, Format Version 12.00
# Visual Studio Version 16
VisualStudioVersion = 16.0.29424.173
MinimumVisualStudioVersion = 10.0.40219.1
Project("{FAE04EC0-301F-11D3-BF4B-00C04F79EFBC}") = "WebApplication1", "WebApplication1\WebApplication1.csproj", "{45DB2CCF-AD81-4F96-9868-F4DD8B288D03}"
EndProject
Global
	GlobalSection(SolutionConfigurationPlatforms) = preSolution
		Debug|Any CPU = Debug|Any CPU
		Release|Any CPU = Release|Any CPU
	EndGlobalSection
	GlobalSection(ProjectConfigurationPlatforms) = postSolution
		{45DB2CCF-AD81-4F96-9868-F4DD8B288D03}.Debug|Any CPU.ActiveCfg = Debug|Any CPU
		{45DB2CCF-AD81-4F96-9868-F4DD8B288D03}.Debug|Any CPU.Build.0 = Debug|Any CPU
		{45DB2CCF-AD81-4F96-9868-F4DD8B288D03}.Release|Any CPU.ActiveCfg = Release|Any CPU
		{45DB2CCF-AD81-4F96-9868-F4DD8B288D03}.Release|Any CPU.Build.0 = Release|Any CPU
	EndGlobalSection
	GlobalSection(SolutionProperties) = preSolution
		HideSolutionNode = FALSE
	EndGlobalSection
	GlobalSection(ExtensibilityGlobals) = postSolution
		SolutionGuid = {BAA502C3-22DA-4815-84C3-C6D428DA6EB0}
	EndGlobalSection
EndGlobal
